
Microsoft Visual Studio Solution File, Format Version 12.00
# Visual Studio Version 17
VisualStudioVersion = 17.3.32929.385
MinimumVisualStudioVersion = 10.0.40219.1
Project("{FAE04EC0-301F-11D3-BF4B-00C04F79EFBC}") = "Zadacha1", "Zadacha1\Zadacha1.csproj", "{899AB003-C8FB-4F15-99ED-2E7678189133}"
EndProject
Project("{FAE04EC0-301F-11D3-BF4B-00C04F79EFBC}") = "Zadacha2", "Zadacha2\Zadacha2.csproj", "{A7883CB7-D4E1-40A0-9B4F-A7654548E3FD}"
EndProject
Project("{FAE04EC0-301F-11D3-BF4B-00C04F79EFBC}") = "Zadacha3", "Zadacha3\Zadacha3.csproj", "{26111C6D-5D95-4FF4-8E26-0A78422FA7EE}"
EndProject
Global
	GlobalSection(SolutionConfigurationPlatforms) = preSolution
		Debug|Any CPU = Debug|Any CPU
		Release|Any CPU = Release|Any CPU
	EndGlobalSection
	GlobalSection(ProjectConfigurationPlatforms) = postSolution
		{899AB003-C8FB-4F15-99ED-2E7678189133}.Debug|Any CPU.ActiveCfg = Debug|Any CPU
		{899AB003-C8FB-4F15-99ED-2E7678189133}.Debug|Any CPU.Build.0 = Debug|Any CPU
		{899AB003-C8FB-4F15-99ED-2E7678189133}.Release|Any CPU.ActiveCfg = Release|Any CPU
		{899AB003-C8FB-4F15-99ED-2E7678189133}.Release|Any CPU.Build.0 = Release|Any CPU
		{A7883CB7-D4E1-40A0-9B4F-A7654548E3FD}.Debug|Any CPU.ActiveCfg = Debug|Any CPU
		{A7883CB7-D4E1-40A0-9B4F-A7654548E3FD}.Debug|Any CPU.Build.0 = Debug|Any CPU
		{A7883CB7-D4E1-40A0-9B4F-A7654548E3FD}.Release|Any CPU.ActiveCfg = Release|Any CPU
		{A7883CB7-D4E1-40A0-9B4F-A7654548E3FD}.Release|Any CPU.Build.0 = Release|Any CPU
		{26111C6D-5D95-4FF4-8E26-0A78422FA7EE}.Debug|Any CPU.ActiveCfg = Debug|Any CPU
		{26111C6D-5D95-4FF4-8E26-0A78422FA7EE}.Debug|Any CPU.Build.0 = Debug|Any CPU
		{26111C6D-5D95-4FF4-8E26-0A78422FA7EE}.Release|Any CPU.ActiveCfg = Release|Any CPU
		{26111C6D-5D95-4FF4-8E26-0A78422FA7EE}.Release|Any CPU.Build.0 = Release|Any CPU
	EndGlobalSection
	GlobalSection(SolutionProperties) = preSolution
		HideSolutionNode = FALSE
	EndGlobalSection
	GlobalSection(ExtensibilityGlobals) = postSolution
		SolutionGuid = {B38B4B4F-2FB2-4EC1-9E4A-C7E42ACFB48B}
	EndGlobalSection
EndGlobal
